
Microsoft Visual Studio Solution File, Format Version 12.00
# Visual Studio Version 16
VisualStudioVersion = 25.0.1700.0
MinimumVisualStudioVersion = 10.0.40219.1
Project("{FAE04EC0-301F-11D3-BF4B-00C04F79EFBC}") = "Billbee.Net", "Billbee.Net\Billbee.Net.csproj", "{840F2297-8E30-4F18-9316-FC180D6EA92D}"
EndProject
Project("{2150E333-8FDC-42A3-9474-1A3956D46DE8}") = "Solution Items", "Solution Items", "{D47C5888-6AFF-4F9D-97B3-AE8178E15EB9}"
	ProjectSection(SolutionItems) = preProject
		README.md = README.md
	EndProjectSection
EndProject
Project("{FAE04EC0-301F-11D3-BF4B-00C04F79EFBC}") = "Example.WorkerService", "Example.WorkerService\Example.WorkerService.csproj", "{7231970D-2BC7-4954-A5D0-50A918312DB4}"
EndProject
Project("{FAE04EC0-301F-11D3-BF4B-00C04F79EFBC}") = "Example.WebApi", "Example.WebApi\Example.WebApi.csproj", "{FE5C2974-3EEB-4824-89DA-0810701EA8F2}"
EndProject
Project("{FAE04EC0-301F-11D3-BF4B-00C04F79EFBC}") = "Example.ConsoleApp", "Example.ConsoleApp\Example.ConsoleApp.csproj", "{09F9CA53-1228-4A74-87B2-3D3A78EB93DF}"
EndProject
Project("{FAE04EC0-301F-11D3-BF4B-00C04F79EFBC}") = "Billbee.Net.Tests", "Billbee.Net.Tests\Billbee.Net.Tests.csproj", "{A1B2C3D4-E5F6-7890-ABCD-EF1234567890}"
EndProject
Global
	GlobalSection(SolutionConfigurationPlatforms) = preSolution
		Debug|Any CPU = Debug|Any CPU
		Release|Any CPU = Release|Any CPU
	EndGlobalSection
	GlobalSection(ProjectConfigurationPlatforms) = postSolution
		{840F2297-8E30-4F18-9316-FC180D6EA92D}.Debug|Any CPU.ActiveCfg = Debug|Any CPU
		{840F2297-8E30-4F18-9316-FC180D6EA92D}.Debug|Any CPU.Build.0 = Debug|Any CPU
		{840F2297-8E30-4F18-9316-FC180D6EA92D}.Release|Any CPU.ActiveCfg = Release|Any CPU
		{840F2297-8E30-4F18-9316-FC180D6EA92D}.Release|Any CPU.Build.0 = Release|Any CPU
		{7231970D-2BC7-4954-A5D0-50A918312DB4}.Debug|Any CPU.ActiveCfg = Debug|Any CPU
		{7231970D-2BC7-4954-A5D0-50A918312DB4}.Debug|Any CPU.Build.0 = Debug|Any CPU
		{7231970D-2BC7-4954-A5D0-50A918312DB4}.Release|Any CPU.ActiveCfg = Release|Any CPU
		{7231970D-2BC7-4954-A5D0-50A918312DB4}.Release|Any CPU.Build.0 = Release|Any CPU
		{FE5C2974-3EEB-4824-89DA-0810701EA8F2}.Debug|Any CPU.ActiveCfg = Debug|Any CPU
		{FE5C2974-3EEB-4824-89DA-0810701EA8F2}.Debug|Any CPU.Build.0 = Debug|Any CPU
		{FE5C2974-3EEB-4824-89DA-0810701EA8F2}.Release|Any CPU.ActiveCfg = Release|Any CPU
		{FE5C2974-3EEB-4824-89DA-0810701EA8F2}.Release|Any CPU.Build.0 = Release|Any CPU
		{09F9CA53-1228-4A74-87B2-3D3A78EB93DF}.Debug|Any CPU.ActiveCfg = Debug|Any CPU
		{09F9CA53-1228-4A74-87B2-3D3A78EB93DF}.Debug|Any CPU.Build.0 = Debug|Any CPU
		{09F9CA53-1228-4A74-87B2-3D3A78EB93DF}.Release|Any CPU.ActiveCfg = Release|Any CPU
		{09F9CA53-1228-4A74-87B2-3D3A78EB93DF}.Release|Any CPU.Build.0 = Release|Any CPU
		{A1B2C3D4-E5F6-7890-ABCD-EF1234567890}.Debug|Any CPU.ActiveCfg = Debug|Any CPU
		{A1B2C3D4-E5F6-7890-ABCD-EF1234567890}.Debug|Any CPU.Build.0 = Debug|Any CPU
		{A1B2C3D4-E5F6-7890-ABCD-EF1234567890}.Release|Any CPU.ActiveCfg = Release|Any CPU
		{A1B2C3D4-E5F6-7890-ABCD-EF1234567890}.Release|Any CPU.Build.0 = Release|Any CPU
	EndGlobalSection
	GlobalSection(SolutionProperties) = preSolution
		HideSolutionNode = FALSE
	EndGlobalSection
	GlobalSection(ExtensibilityGlobals) = postSolution
		SolutionGuid = {0A191331-35AC-4477-B9BA-9F68B64273DD}
	EndGlobalSection
EndGlobal
